// !$*UTF8*$!
{
	archiveVersion = 1;
	classes = {
	};
	objectVersion = 46;
	objects = {

/* Begin PBXBuildFile section */
		4029B88F1F3092BA00638B52 /* Storage.swift in Sources */ = {isa = PBXBuildFile; fileRef = 4029B88E1F3092BA00638B52 /* Storage.swift */; };
		4029B8931F322EDD00638B52 /* TakenJobsViewController.swift in Sources */ = {isa = PBXBuildFile; fileRef = 4029B8921F322EDD00638B52 /* TakenJobsViewController.swift */; };
		4029B8961F3231E300638B52 /* Job.swift in Sources */ = {isa = PBXBuildFile; fileRef = 4029B8951F3231E300638B52 /* Job.swift */; };
		4029B89A1F32340500638B52 /* TakenJobTableViewCell.swift in Sources */ = {isa = PBXBuildFile; fileRef = 4029B8981F32340500638B52 /* TakenJobTableViewCell.swift */; };
		4029B8A41F38817200638B52 /* CreateTextRequestViewController.swift in Sources */ = {isa = PBXBuildFile; fileRef = 4029B8A31F38817200638B52 /* CreateTextRequestViewController.swift */; };
		4029B8A71F38819D00638B52 /* RequestViewController.swift in Sources */ = {isa = PBXBuildFile; fileRef = 4029B8A61F38819D00638B52 /* RequestViewController.swift */; };
		4029B8A91F3888F600638B52 /* RequestOptionsViewController.swift in Sources */ = {isa = PBXBuildFile; fileRef = 4029B8A81F3888F600638B52 /* RequestOptionsViewController.swift */; };
		4029B8B01F388ADC00638B52 /* PickUserTableViewCell.swift in Sources */ = {isa = PBXBuildFile; fileRef = 4029B8AE1F388ADC00638B52 /* PickUserTableViewCell.swift */; };
		4029B8BB1F38BA3A00638B52 /* TableViewCompatible.swift in Sources */ = {isa = PBXBuildFile; fileRef = 4029B8BA1F38BA3A00638B52 /* TableViewCompatible.swift */; };
		4029B8BD1F38BF3000638B52 /* User.swift in Sources */ = {isa = PBXBuildFile; fileRef = 4029B8BC1F38BF3000638B52 /* User.swift */; };
		4029B8C11F38CFE700638B52 /* DateTableViewCell.swift in Sources */ = {isa = PBXBuildFile; fileRef = 4029B8BF1F38CFE700638B52 /* DateTableViewCell.swift */; };
		4029B8C51F38D01400638B52 /* DatePickerTableViewCell.swift in Sources */ = {isa = PBXBuildFile; fileRef = 4029B8C31F38D01400638B52 /* DatePickerTableViewCell.swift */; };
		4029B8CD1F39C6BE00638B52 /* BrowseUsersViewController.swift in Sources */ = {isa = PBXBuildFile; fileRef = 4029B8CC1F39C6BE00638B52 /* BrowseUsersViewController.swift */; };
		4029B8CF1F39C78000638B52 /* ViewControllerTools.swift in Sources */ = {isa = PBXBuildFile; fileRef = 4029B8CE1F39C78000638B52 /* ViewControllerTools.swift */; };
		4029B8D11F39C79B00638B52 /* DateTools.swift in Sources */ = {isa = PBXBuildFile; fileRef = 4029B8D01F39C79B00638B52 /* DateTools.swift */; };
		4029B8D51F39CBCC00638B52 /* UserTableViewCell.swift in Sources */ = {isa = PBXBuildFile; fileRef = 4029B8D31F39CBCB00638B52 /* UserTableViewCell.swift */; };
		4029B8DB1F3AF3F700638B52 /* DateTools.swift in Sources */ = {isa = PBXBuildFile; fileRef = 4029B8DA1F3AF3F700638B52 /* DateTools.swift */; };
		4029B8E41F3CB94500638B52 /* NotificationViewController.swift in Sources */ = {isa = PBXBuildFile; fileRef = 4029B8E31F3CB94500638B52 /* NotificationViewController.swift */; };
		4029B8E61F3CB9A500638B52 /* NotificationView.swift in Sources */ = {isa = PBXBuildFile; fileRef = 4029B8E51F3CB9A500638B52 /* NotificationView.swift */; };
		4051E3F61F3CBC1900DC1EBB /* ViewTools.swift in Sources */ = {isa = PBXBuildFile; fileRef = 4051E3F51F3CBC1900DC1EBB /* ViewTools.swift */; };
		4051E3F81F3CC1B700DC1EBB /* NotificationController.swift in Sources */ = {isa = PBXBuildFile; fileRef = 4051E3F71F3CC1B700DC1EBB /* NotificationController.swift */; };
		40B87E831F40727600D0779D /* DictionaryTools.swift in Sources */ = {isa = PBXBuildFile; fileRef = 40B87E821F40727600D0779D /* DictionaryTools.swift */; };
		40DA45E11F24F9C000519200 /* AppDelegate.swift in Sources */ = {isa = PBXBuildFile; fileRef = 40DA45E01F24F9C000519200 /* AppDelegate.swift */; };
		40DA45E81F24F9C100519200 /* Assets.xcassets in Resources */ = {isa = PBXBuildFile; fileRef = 40DA45E71F24F9C100519200 /* Assets.xcassets */; };
		40DA45F61F24F9C100519200 /* Whispr_iOSTests.swift in Sources */ = {isa = PBXBuildFile; fileRef = 40DA45F51F24F9C100519200 /* Whispr_iOSTests.swift */; };
		40DA46011F24F9C100519200 /* Whispr_iOSUITests.swift in Sources */ = {isa = PBXBuildFile; fileRef = 40DA46001F24F9C100519200 /* Whispr_iOSUITests.swift */; };
		40DA461A1F24FAA400519200 /* RecordViewController.swift in Sources */ = {isa = PBXBuildFile; fileRef = 40DA46171F24FAA400519200 /* RecordViewController.swift */; };
		40DA462B1F24FCF600519200 /* AVFoundationRecorder.swift in Sources */ = {isa = PBXBuildFile; fileRef = 40DA46291F24FCF600519200 /* AVFoundationRecorder.swift */; };
		40DA462C1F24FCF600519200 /* Recorder.swift in Sources */ = {isa = PBXBuildFile; fileRef = 40DA462A1F24FCF600519200 /* Recorder.swift */; };
		40DA462E1F24FD7300519200 /* AVFoundation.framework in Frameworks */ = {isa = PBXBuildFile; fileRef = 40DA462D1F24FD7300519200 /* AVFoundation.framework */; };
		40DA46501F2FAA4500519200 /* StringTools.swift in Sources */ = {isa = PBXBuildFile; fileRef = 40DA464F1F2FAA4500519200 /* StringTools.swift */; };
		731648231F714642009F1727 /* SavedAudioTableViewCell.swift in Sources */ = {isa = PBXBuildFile; fileRef = 7316481F1F714642009F1727 /* SavedAudioTableViewCell.swift */; };
		731648251F714642009F1727 /* SavedAudioView.swift in Sources */ = {isa = PBXBuildFile; fileRef = 731648211F714642009F1727 /* SavedAudioView.swift */; };
		731648261F714642009F1727 /* SavedAudioViewController.swift in Sources */ = {isa = PBXBuildFile; fileRef = 731648221F714642009F1727 /* SavedAudioViewController.swift */; };
		7316482A1F71464E009F1727 /* PlayerView.swift in Sources */ = {isa = PBXBuildFile; fileRef = 731648281F71464E009F1727 /* PlayerView.swift */; };
		7316482B1F71464E009F1727 /* PlayerViewController.swift in Sources */ = {isa = PBXBuildFile; fileRef = 731648291F71464E009F1727 /* PlayerViewController.swift */; };
		7316482D1F7149AF009F1727 /* RecordView.swift in Sources */ = {isa = PBXBuildFile; fileRef = 7316482C1F7149AF009F1727 /* RecordView.swift */; };
		7316482F1F7150D8009F1727 /* JobsView.swift in Sources */ = {isa = PBXBuildFile; fileRef = 7316482E1F7150D8009F1727 /* JobsView.swift */; };
		731648311F71517B009F1727 /* NSLayoutConstraintTools.swift in Sources */ = {isa = PBXBuildFile; fileRef = 731648301F71517B009F1727 /* NSLayoutConstraintTools.swift */; };
		731648331F715740009F1727 /* RequestView.swift in Sources */ = {isa = PBXBuildFile; fileRef = 731648321F715740009F1727 /* RequestView.swift */; };
		731648351F715B4E009F1727 /* LaunchScreen.storyboard in Resources */ = {isa = PBXBuildFile; fileRef = 731648341F715B4E009F1727 /* LaunchScreen.storyboard */; };
		731648371F715C7E009F1727 /* CreateTextRequestView.swift in Sources */ = {isa = PBXBuildFile; fileRef = 731648361F715C7E009F1727 /* CreateTextRequestView.swift */; };
		7318161C1F7675420076CA7A /* RequestOptionsView.swift in Sources */ = {isa = PBXBuildFile; fileRef = 7318161B1F7675420076CA7A /* RequestOptionsView.swift */; };
		732935791F6C82F20054EED3 /* FilteringView.swift in Sources */ = {isa = PBXBuildFile; fileRef = 732935771F6C82F20054EED3 /* FilteringView.swift */; };
		7329357A1F6C82F20054EED3 /* FilterViewController.swift in Sources */ = {isa = PBXBuildFile; fileRef = 732935781F6C82F20054EED3 /* FilterViewController.swift */; };
		7329357D1F6E35FE0054EED3 /* MainTabController.swift in Sources */ = {isa = PBXBuildFile; fileRef = 7329357C1F6E35FE0054EED3 /* MainTabController.swift */; };
		73BA06511F77B4FE00BC0778 /* BrowseUsersView.swift in Sources */ = {isa = PBXBuildFile; fileRef = 73BA06501F77B4FE00BC0778 /* BrowseUsersView.swift */; };
		73BA06571F77D90300BC0778 /* UserProfileView.swift in Sources */ = {isa = PBXBuildFile; fileRef = 73BA06551F77D90300BC0778 /* UserProfileView.swift */; };
		73BA06581F77D90300BC0778 /* UserProfileViewController.swift in Sources */ = {isa = PBXBuildFile; fileRef = 73BA06561F77D90300BC0778 /* UserProfileViewController.swift */; };
/* End PBXBuildFile section */

/* Begin PBXContainerItemProxy section */
		40DA45F21F24F9C100519200 /* PBXContainerItemProxy */ = {
			isa = PBXContainerItemProxy;
			containerPortal = 40DA45D51F24F9C000519200 /* Project object */;
			proxyType = 1;
			remoteGlobalIDString = 40DA45DC1F24F9C000519200;
			remoteInfo = "Whispr-iOS";
		};
		40DA45FD1F24F9C100519200 /* PBXContainerItemProxy */ = {
			isa = PBXContainerItemProxy;
			containerPortal = 40DA45D51F24F9C000519200 /* Project object */;
			proxyType = 1;
			remoteGlobalIDString = 40DA45DC1F24F9C000519200;
			remoteInfo = "Whispr-iOS";
		};
/* End PBXContainerItemProxy section */

/* Begin PBXFileReference section */
		4029B88E1F3092BA00638B52 /* Storage.swift */ = {isa = PBXFileReference; fileEncoding = 4; lastKnownFileType = sourcecode.swift; name = Storage.swift; path = CoreData/Storage.swift; sourceTree = "<group>"; };
		4029B8921F322EDD00638B52 /* TakenJobsViewController.swift */ = {isa = PBXFileReference; fileEncoding = 4; lastKnownFileType = sourcecode.swift; name = TakenJobsViewController.swift; path = TakenJobs/TakenJobsViewController.swift; sourceTree = "<group>"; };
		4029B8951F3231E300638B52 /* Job.swift */ = {isa = PBXFileReference; fileEncoding = 4; lastKnownFileType = sourcecode.swift; name = Job.swift; path = Objects/Job.swift; sourceTree = "<group>"; };
		4029B8981F32340500638B52 /* TakenJobTableViewCell.swift */ = {isa = PBXFileReference; fileEncoding = 4; lastKnownFileType = sourcecode.swift; name = TakenJobTableViewCell.swift; path = TakenJobs/Cells/TakenJobTableViewCell.swift; sourceTree = "<group>"; };
		4029B8A31F38817200638B52 /* CreateTextRequestViewController.swift */ = {isa = PBXFileReference; fileEncoding = 4; lastKnownFileType = sourcecode.swift; name = CreateTextRequestViewController.swift; path = Request/CreateTextRequestViewController.swift; sourceTree = "<group>"; };
		4029B8A61F38819D00638B52 /* RequestViewController.swift */ = {isa = PBXFileReference; fileEncoding = 4; lastKnownFileType = sourcecode.swift; name = RequestViewController.swift; path = Request/RequestViewController.swift; sourceTree = "<group>"; };
		4029B8A81F3888F600638B52 /* RequestOptionsViewController.swift */ = {isa = PBXFileReference; fileEncoding = 4; lastKnownFileType = sourcecode.swift; name = RequestOptionsViewController.swift; path = Request/RequestOptionsViewController.swift; sourceTree = "<group>"; };
		4029B8AE1F388ADC00638B52 /* PickUserTableViewCell.swift */ = {isa = PBXFileReference; fileEncoding = 4; lastKnownFileType = sourcecode.swift; name = PickUserTableViewCell.swift; path = Request/Cells/PickUserTableViewCell.swift; sourceTree = "<group>"; };
		4029B8BA1F38BA3A00638B52 /* TableViewCompatible.swift */ = {isa = PBXFileReference; fileEncoding = 4; lastKnownFileType = sourcecode.swift; name = TableViewCompatible.swift; path = Protocols/TableViewCompatible.swift; sourceTree = "<group>"; };
		4029B8BC1F38BF3000638B52 /* User.swift */ = {isa = PBXFileReference; fileEncoding = 4; lastKnownFileType = sourcecode.swift; name = User.swift; path = Objects/User.swift; sourceTree = "<group>"; };
		4029B8BF1F38CFE700638B52 /* DateTableViewCell.swift */ = {isa = PBXFileReference; fileEncoding = 4; lastKnownFileType = sourcecode.swift; name = DateTableViewCell.swift; path = Request/Cells/DateTableViewCell.swift; sourceTree = "<group>"; };
		4029B8C31F38D01400638B52 /* DatePickerTableViewCell.swift */ = {isa = PBXFileReference; fileEncoding = 4; lastKnownFileType = sourcecode.swift; name = DatePickerTableViewCell.swift; path = Request/Cells/DatePickerTableViewCell.swift; sourceTree = "<group>"; };
		4029B8CC1F39C6BE00638B52 /* BrowseUsersViewController.swift */ = {isa = PBXFileReference; fileEncoding = 4; lastKnownFileType = sourcecode.swift; name = BrowseUsersViewController.swift; path = Users/BrowseUsers/BrowseUsersViewController.swift; sourceTree = "<group>"; };
		4029B8CE1F39C78000638B52 /* ViewControllerTools.swift */ = {isa = PBXFileReference; fileEncoding = 4; lastKnownFileType = sourcecode.swift; name = ViewControllerTools.swift; path = Extensions/ViewControllerTools.swift; sourceTree = "<group>"; };
		4029B8D01F39C79B00638B52 /* DateTools.swift */ = {isa = PBXFileReference; fileEncoding = 4; lastKnownFileType = sourcecode.swift; name = DateTools.swift; path = Extensions/DateTools.swift; sourceTree = "<group>"; };
		4029B8D31F39CBCB00638B52 /* UserTableViewCell.swift */ = {isa = PBXFileReference; fileEncoding = 4; lastKnownFileType = sourcecode.swift; name = UserTableViewCell.swift; path = Users/BrowseUsers/Cells/UserTableViewCell.swift; sourceTree = "<group>"; };
		4029B8DA1F3AF3F700638B52 /* DateTools.swift */ = {isa = PBXFileReference; fileEncoding = 4; lastKnownFileType = sourcecode.swift; path = DateTools.swift; sourceTree = "<group>"; };
		4029B8E31F3CB94500638B52 /* NotificationViewController.swift */ = {isa = PBXFileReference; fileEncoding = 4; lastKnownFileType = sourcecode.swift; name = NotificationViewController.swift; path = Notifications/NotificationViewController.swift; sourceTree = "<group>"; };
		4029B8E51F3CB9A500638B52 /* NotificationView.swift */ = {isa = PBXFileReference; fileEncoding = 4; lastKnownFileType = sourcecode.swift; name = NotificationView.swift; path = Notifications/NotificationView.swift; sourceTree = "<group>"; };
		4051E3F51F3CBC1900DC1EBB /* ViewTools.swift */ = {isa = PBXFileReference; fileEncoding = 4; lastKnownFileType = sourcecode.swift; name = ViewTools.swift; path = Extensions/ViewTools.swift; sourceTree = "<group>"; };
		4051E3F71F3CC1B700DC1EBB /* NotificationController.swift */ = {isa = PBXFileReference; fileEncoding = 4; lastKnownFileType = sourcecode.swift; name = NotificationController.swift; path = Notifications/NotificationController.swift; sourceTree = "<group>"; };
		40B87E821F40727600D0779D /* DictionaryTools.swift */ = {isa = PBXFileReference; fileEncoding = 4; lastKnownFileType = sourcecode.swift; name = DictionaryTools.swift; path = Extensions/DictionaryTools.swift; sourceTree = "<group>"; };
		40DA45DD1F24F9C000519200 /* Whispr-iOS.app */ = {isa = PBXFileReference; explicitFileType = wrapper.application; includeInIndex = 0; path = "Whispr-iOS.app"; sourceTree = BUILT_PRODUCTS_DIR; };
		40DA45E01F24F9C000519200 /* AppDelegate.swift */ = {isa = PBXFileReference; lastKnownFileType = sourcecode.swift; path = AppDelegate.swift; sourceTree = "<group>"; };
		40DA45E71F24F9C100519200 /* Assets.xcassets */ = {isa = PBXFileReference; lastKnownFileType = folder.assetcatalog; path = Assets.xcassets; sourceTree = "<group>"; };
		40DA45EC1F24F9C100519200 /* Info.plist */ = {isa = PBXFileReference; lastKnownFileType = text.plist.xml; path = Info.plist; sourceTree = "<group>"; };
		40DA45F11F24F9C100519200 /* Whispr-iOSTests.xctest */ = {isa = PBXFileReference; explicitFileType = wrapper.cfbundle; includeInIndex = 0; path = "Whispr-iOSTests.xctest"; sourceTree = BUILT_PRODUCTS_DIR; };
		40DA45F51F24F9C100519200 /* Whispr_iOSTests.swift */ = {isa = PBXFileReference; lastKnownFileType = sourcecode.swift; path = Whispr_iOSTests.swift; sourceTree = "<group>"; };
		40DA45F71F24F9C100519200 /* Info.plist */ = {isa = PBXFileReference; lastKnownFileType = text.plist.xml; path = Info.plist; sourceTree = "<group>"; };
		40DA45FC1F24F9C100519200 /* Whispr-iOSUITests.xctest */ = {isa = PBXFileReference; explicitFileType = wrapper.cfbundle; includeInIndex = 0; path = "Whispr-iOSUITests.xctest"; sourceTree = BUILT_PRODUCTS_DIR; };
		40DA46001F24F9C100519200 /* Whispr_iOSUITests.swift */ = {isa = PBXFileReference; lastKnownFileType = sourcecode.swift; path = Whispr_iOSUITests.swift; sourceTree = "<group>"; };
		40DA46021F24F9C100519200 /* Info.plist */ = {isa = PBXFileReference; lastKnownFileType = text.plist.xml; path = Info.plist; sourceTree = "<group>"; };
		40DA46171F24FAA400519200 /* RecordViewController.swift */ = {isa = PBXFileReference; fileEncoding = 4; lastKnownFileType = sourcecode.swift; path = RecordViewController.swift; sourceTree = "<group>"; };
		40DA46221F24FB2700519200 /* AudioKit.framework */ = {isa = PBXFileReference; lastKnownFileType = wrapper.framework; name = AudioKit.framework; path = Carthage/Build/iOS/AudioKit.framework; sourceTree = "<group>"; };
		40DA46291F24FCF600519200 /* AVFoundationRecorder.swift */ = {isa = PBXFileReference; fileEncoding = 4; lastKnownFileType = sourcecode.swift; path = AVFoundationRecorder.swift; sourceTree = "<group>"; };
		40DA462A1F24FCF600519200 /* Recorder.swift */ = {isa = PBXFileReference; fileEncoding = 4; lastKnownFileType = sourcecode.swift; path = Recorder.swift; sourceTree = "<group>"; };
		40DA462D1F24FD7300519200 /* AVFoundation.framework */ = {isa = PBXFileReference; lastKnownFileType = wrapper.framework; name = AVFoundation.framework; path = System/Library/Frameworks/AVFoundation.framework; sourceTree = SDKROOT; };
		40DA464F1F2FAA4500519200 /* StringTools.swift */ = {isa = PBXFileReference; fileEncoding = 4; lastKnownFileType = sourcecode.swift; name = StringTools.swift; path = Extensions/StringTools.swift; sourceTree = "<group>"; };
		7316481F1F714642009F1727 /* SavedAudioTableViewCell.swift */ = {isa = PBXFileReference; fileEncoding = 4; lastKnownFileType = sourcecode.swift; path = SavedAudioTableViewCell.swift; sourceTree = "<group>"; };
		731648211F714642009F1727 /* SavedAudioView.swift */ = {isa = PBXFileReference; fileEncoding = 4; lastKnownFileType = sourcecode.swift; name = SavedAudioView.swift; path = Listen/SavedAudioView.swift; sourceTree = "<group>"; };
		731648221F714642009F1727 /* SavedAudioViewController.swift */ = {isa = PBXFileReference; fileEncoding = 4; lastKnownFileType = sourcecode.swift; name = SavedAudioViewController.swift; path = Listen/SavedAudioViewController.swift; sourceTree = "<group>"; };
		731648281F71464E009F1727 /* PlayerView.swift */ = {isa = PBXFileReference; fileEncoding = 4; lastKnownFileType = sourcecode.swift; path = PlayerView.swift; sourceTree = "<group>"; };
		731648291F71464E009F1727 /* PlayerViewController.swift */ = {isa = PBXFileReference; fileEncoding = 4; lastKnownFileType = sourcecode.swift; path = PlayerViewController.swift; sourceTree = "<group>"; };
		7316482C1F7149AF009F1727 /* RecordView.swift */ = {isa = PBXFileReference; fileEncoding = 4; lastKnownFileType = sourcecode.swift; path = RecordView.swift; sourceTree = "<group>"; };
		7316482E1F7150D8009F1727 /* JobsView.swift */ = {isa = PBXFileReference; fileEncoding = 4; lastKnownFileType = sourcecode.swift; name = JobsView.swift; path = TakenJobs/JobsView.swift; sourceTree = "<group>"; };
		731648301F71517B009F1727 /* NSLayoutConstraintTools.swift */ = {isa = PBXFileReference; fileEncoding = 4; lastKnownFileType = sourcecode.swift; name = NSLayoutConstraintTools.swift; path = Extensions/NSLayoutConstraintTools.swift; sourceTree = "<group>"; };
		731648321F715740009F1727 /* RequestView.swift */ = {isa = PBXFileReference; fileEncoding = 4; lastKnownFileType = sourcecode.swift; name = RequestView.swift; path = Request/RequestView.swift; sourceTree = "<group>"; };
		731648341F715B4E009F1727 /* LaunchScreen.storyboard */ = {isa = PBXFileReference; fileEncoding = 4; lastKnownFileType = file.storyboard; path = LaunchScreen.storyboard; sourceTree = "<group>"; };
		731648361F715C7E009F1727 /* CreateTextRequestView.swift */ = {isa = PBXFileReference; fileEncoding = 4; lastKnownFileType = sourcecode.swift; name = CreateTextRequestView.swift; path = Request/CreateTextRequestView.swift; sourceTree = "<group>"; };
		7318161B1F7675420076CA7A /* RequestOptionsView.swift */ = {isa = PBXFileReference; lastKnownFileType = sourcecode.swift; name = RequestOptionsView.swift; path = Request/RequestOptionsView.swift; sourceTree = "<group>"; };
		732935771F6C82F20054EED3 /* FilteringView.swift */ = {isa = PBXFileReference; fileEncoding = 4; lastKnownFileType = sourcecode.swift; name = FilteringView.swift; path = Controls/Filtering/FilteringView.swift; sourceTree = "<group>"; };
		732935781F6C82F20054EED3 /* FilterViewController.swift */ = {isa = PBXFileReference; fileEncoding = 4; lastKnownFileType = sourcecode.swift; name = FilterViewController.swift; path = Controls/Filtering/FilterViewController.swift; sourceTree = "<group>"; };
		7329357C1F6E35FE0054EED3 /* MainTabController.swift */ = {isa = PBXFileReference; fileEncoding = 4; lastKnownFileType = sourcecode.swift; name = MainTabController.swift; path = MainTabs/MainTabController.swift; sourceTree = "<group>"; };
		73BA06501F77B4FE00BC0778 /* BrowseUsersView.swift */ = {isa = PBXFileReference; lastKnownFileType = sourcecode.swift; name = BrowseUsersView.swift; path = Users/BrowseUsers/BrowseUsersView.swift; sourceTree = "<group>"; };
		73BA06551F77D90300BC0778 /* UserProfileView.swift */ = {isa = PBXFileReference; fileEncoding = 4; lastKnownFileType = sourcecode.swift; path = UserProfileView.swift; sourceTree = "<group>"; };
		73BA06561F77D90300BC0778 /* UserProfileViewController.swift */ = {isa = PBXFileReference; fileEncoding = 4; lastKnownFileType = sourcecode.swift; path = UserProfileViewController.swift; sourceTree = "<group>"; };
/* End PBXFileReference section */

/* Begin PBXFrameworksBuildPhase section */
		40DA45DA1F24F9C000519200 /* Frameworks */ = {
			isa = PBXFrameworksBuildPhase;
			buildActionMask = 2147483647;
			files = (
				40DA462E1F24FD7300519200 /* AVFoundation.framework in Frameworks */,
			);
			runOnlyForDeploymentPostprocessing = 0;
		};
		40DA45EE1F24F9C100519200 /* Frameworks */ = {
			isa = PBXFrameworksBuildPhase;
			buildActionMask = 2147483647;
			files = (
			);
			runOnlyForDeploymentPostprocessing = 0;
		};
		40DA45F91F24F9C100519200 /* Frameworks */ = {
			isa = PBXFrameworksBuildPhase;
			buildActionMask = 2147483647;
			files = (
			);
			runOnlyForDeploymentPostprocessing = 0;
		};
/* End PBXFrameworksBuildPhase section */

/* Begin PBXGroup section */
		4029B88D1F30929D00638B52 /* CoreData */ = {
			isa = PBXGroup;
			children = (
				4029B88E1F3092BA00638B52 /* Storage.swift */,
			);
			name = CoreData;
			sourceTree = "<group>";
		};
		4029B8901F322E8300638B52 /* TakenJobs */ = {
			isa = PBXGroup;
			children = (
				4029B8971F3233E500638B52 /* Cells */,
				4029B8921F322EDD00638B52 /* TakenJobsViewController.swift */,
				7316482E1F7150D8009F1727 /* JobsView.swift */,
			);
			name = TakenJobs;
			sourceTree = "<group>";
		};
		4029B8911F322EA000638B52 /* Record */ = {
			isa = PBXGroup;
			children = (
			);
			name = Record;
			sourceTree = "<group>";
		};
		4029B8941F322FCA00638B52 /* Objects */ = {
			isa = PBXGroup;
			children = (
				4029B8951F3231E300638B52 /* Job.swift */,
				4029B8BC1F38BF3000638B52 /* User.swift */,
			);
			name = Objects;
			sourceTree = "<group>";
		};
		4029B8971F3233E500638B52 /* Cells */ = {
			isa = PBXGroup;
			children = (
				4029B8981F32340500638B52 /* TakenJobTableViewCell.swift */,
			);
			name = Cells;
			sourceTree = "<group>";
		};
		4029B89E1F38802D00638B52 /* Request */ = {
			isa = PBXGroup;
			children = (
				4029B8AA1F388A8200638B52 /* Cells */,
				4029B8A31F38817200638B52 /* CreateTextRequestViewController.swift */,
				731648361F715C7E009F1727 /* CreateTextRequestView.swift */,
				4029B8A81F3888F600638B52 /* RequestOptionsViewController.swift */,
				7318161B1F7675420076CA7A /* RequestOptionsView.swift */,
				4029B8A61F38819D00638B52 /* RequestViewController.swift */,
				731648321F715740009F1727 /* RequestView.swift */,
			);
			name = Request;
			sourceTree = "<group>";
		};
		4029B8AA1F388A8200638B52 /* Cells */ = {
			isa = PBXGroup;
			children = (
				4029B8AE1F388ADC00638B52 /* PickUserTableViewCell.swift */,
				4029B8BF1F38CFE700638B52 /* DateTableViewCell.swift */,
				4029B8C31F38D01400638B52 /* DatePickerTableViewCell.swift */,
			);
			name = Cells;
			sourceTree = "<group>";
		};
		4029B8B91F38BA1700638B52 /* Protocols */ = {
			isa = PBXGroup;
			children = (
				4029B8BA1F38BA3A00638B52 /* TableViewCompatible.swift */,
			);
			name = Protocols;
			sourceTree = "<group>";
		};
		4029B8CA1F39C68600638B52 /* Users */ = {
			isa = PBXGroup;
			children = (
				73BA06541F77D90300BC0778 /* UserProfile */,
				4029B8CB1F39C69A00638B52 /* BrowseUsers */,
			);
			name = Users;
			sourceTree = "<group>";
		};
		4029B8CB1F39C69A00638B52 /* BrowseUsers */ = {
			isa = PBXGroup;
			children = (
				4029B8D21F39CBA300638B52 /* Cells */,
				4029B8CC1F39C6BE00638B52 /* BrowseUsersViewController.swift */,
				73BA06501F77B4FE00BC0778 /* BrowseUsersView.swift */,
			);
			name = BrowseUsers;
			sourceTree = "<group>";
		};
		4029B8D21F39CBA300638B52 /* Cells */ = {
			isa = PBXGroup;
			children = (
				4029B8D31F39CBCB00638B52 /* UserTableViewCell.swift */,
			);
			name = Cells;
			sourceTree = "<group>";
		};
		4029B8DC1F3CB67500638B52 /* Network */ = {
			isa = PBXGroup;
			children = (
			);
			name = Network;
			sourceTree = "<group>";
		};
		4029B8DD1F3CB77E00638B52 /* Notifications */ = {
			isa = PBXGroup;
			children = (
				4029B8E31F3CB94500638B52 /* NotificationViewController.swift */,
				4029B8E51F3CB9A500638B52 /* NotificationView.swift */,
				4051E3F71F3CC1B700DC1EBB /* NotificationController.swift */,
			);
			name = Notifications;
			sourceTree = "<group>";
		};
		40DA45D41F24F9C000519200 = {
			isa = PBXGroup;
			children = (
				40DA46261F24FB2E00519200 /* Frameworks */,
				40DA45DF1F24F9C000519200 /* Whispr-iOS */,
				40DA45F41F24F9C100519200 /* Whispr-iOSTests */,
				40DA45FF1F24F9C100519200 /* Whispr-iOSUITests */,
				40DA45DE1F24F9C000519200 /* Products */,
			);
			sourceTree = "<group>";
		};
		40DA45DE1F24F9C000519200 /* Products */ = {
			isa = PBXGroup;
			children = (
				40DA45DD1F24F9C000519200 /* Whispr-iOS.app */,
				40DA45F11F24F9C100519200 /* Whispr-iOSTests.xctest */,
				40DA45FC1F24F9C100519200 /* Whispr-iOSUITests.xctest */,
			);
			name = Products;
			sourceTree = "<group>";
		};
		40DA45DF1F24F9C000519200 /* Whispr-iOS */ = {
			isa = PBXGroup;
			children = (
				732935751F6C829F0054EED3 /* Controls */,
				4029B8B91F38BA1700638B52 /* Protocols */,
				4029B8941F322FCA00638B52 /* Objects */,
				40DA464E1F2FA9E800519200 /* Extensions */,
				40DA46271F24FCF600519200 /* Backend */,
				40DA461B1F24FAB200519200 /* Interface */,
				40DA46101F24FAA400519200 /* ViewControllers */,
				40DA45E01F24F9C000519200 /* AppDelegate.swift */,
				40DA45E71F24F9C100519200 /* Assets.xcassets */,
				40DA45EC1F24F9C100519200 /* Info.plist */,
			);
			path = "Whispr-iOS";
			sourceTree = "<group>";
		};
		40DA45F41F24F9C100519200 /* Whispr-iOSTests */ = {
			isa = PBXGroup;
			children = (
				40DA45F51F24F9C100519200 /* Whispr_iOSTests.swift */,
				40DA45F71F24F9C100519200 /* Info.plist */,
				4029B8DA1F3AF3F700638B52 /* DateTools.swift */,
			);
			path = "Whispr-iOSTests";
			sourceTree = "<group>";
		};
		40DA45FF1F24F9C100519200 /* Whispr-iOSUITests */ = {
			isa = PBXGroup;
			children = (
				40DA46001F24F9C100519200 /* Whispr_iOSUITests.swift */,
				40DA46021F24F9C100519200 /* Info.plist */,
			);
			path = "Whispr-iOSUITests";
			sourceTree = "<group>";
		};
		40DA46101F24FAA400519200 /* ViewControllers */ = {
			isa = PBXGroup;
			children = (
				731648271F71464E009F1727 /* Player */,
				7329357B1F6D76F20054EED3 /* MainTabs */,
				4029B8CA1F39C68600638B52 /* Users */,
				4029B89E1F38802D00638B52 /* Request */,
				40DA463A1F2FA61B00519200 /* Listen */,
				40DA46111F24FAA400519200 /* Editor */,
				40DA46161F24FAA400519200 /* Record */,
			);
			path = ViewControllers;
			sourceTree = "<group>";
		};
		40DA46111F24FAA400519200 /* Editor */ = {
			isa = PBXGroup;
			children = (
			);
			path = Editor;
			sourceTree = "<group>";
		};
		40DA46161F24FAA400519200 /* Record */ = {
			isa = PBXGroup;
			children = (
				4029B8911F322EA000638B52 /* Record */,
				4029B8901F322E8300638B52 /* TakenJobs */,
				40DA46171F24FAA400519200 /* RecordViewController.swift */,
				7316482C1F7149AF009F1727 /* RecordView.swift */,
			);
			path = Record;
			sourceTree = "<group>";
		};
		40DA461B1F24FAB200519200 /* Interface */ = {
			isa = PBXGroup;
			children = (
				731648341F715B4E009F1727 /* LaunchScreen.storyboard */,
			);
			path = Interface;
			sourceTree = "<group>";
		};
		40DA46261F24FB2E00519200 /* Frameworks */ = {
			isa = PBXGroup;
			children = (
				40DA462D1F24FD7300519200 /* AVFoundation.framework */,
				40DA46221F24FB2700519200 /* AudioKit.framework */,
			);
			name = Frameworks;
			sourceTree = "<group>";
		};
		40DA46271F24FCF600519200 /* Backend */ = {
			isa = PBXGroup;
			children = (
				4029B8DD1F3CB77E00638B52 /* Notifications */,
				4029B8DC1F3CB67500638B52 /* Network */,
				4029B88D1F30929D00638B52 /* CoreData */,
				40DA46281F24FCF600519200 /* Recording */,
			);
			path = Backend;
			sourceTree = "<group>";
		};
		40DA46281F24FCF600519200 /* Recording */ = {
			isa = PBXGroup;
			children = (
				40DA46291F24FCF600519200 /* AVFoundationRecorder.swift */,
				40DA462A1F24FCF600519200 /* Recorder.swift */,
			);
			path = Recording;
			sourceTree = "<group>";
		};
		40DA463A1F2FA61B00519200 /* Listen */ = {
			isa = PBXGroup;
			children = (
				7316481E1F714642009F1727 /* Cells */,
				731648211F714642009F1727 /* SavedAudioView.swift */,
				731648221F714642009F1727 /* SavedAudioViewController.swift */,
			);
			name = Listen;
			sourceTree = "<group>";
		};
		40DA464E1F2FA9E800519200 /* Extensions */ = {
			isa = PBXGroup;
			children = (
				4029B8D01F39C79B00638B52 /* DateTools.swift */,
				40DA464F1F2FAA4500519200 /* StringTools.swift */,
				4029B8CE1F39C78000638B52 /* ViewControllerTools.swift */,
				4051E3F51F3CBC1900DC1EBB /* ViewTools.swift */,
				40B87E821F40727600D0779D /* DictionaryTools.swift */,
				731648301F71517B009F1727 /* NSLayoutConstraintTools.swift */,
			);
			name = Extensions;
			sourceTree = "<group>";
		};
		7316481E1F714642009F1727 /* Cells */ = {
			isa = PBXGroup;
			children = (
				7316481F1F714642009F1727 /* SavedAudioTableViewCell.swift */,
			);
			name = Cells;
			path = Listen/Cells;
			sourceTree = "<group>";
		};
		731648271F71464E009F1727 /* Player */ = {
			isa = PBXGroup;
			children = (
				731648281F71464E009F1727 /* PlayerView.swift */,
				731648291F71464E009F1727 /* PlayerViewController.swift */,
			);
			path = Player;
			sourceTree = "<group>";
		};
		732935751F6C829F0054EED3 /* Controls */ = {
			isa = PBXGroup;
			children = (
				732935761F6C82B50054EED3 /* Filtering */,
			);
			name = Controls;
			sourceTree = "<group>";
		};
		732935761F6C82B50054EED3 /* Filtering */ = {
			isa = PBXGroup;
			children = (
				732935771F6C82F20054EED3 /* FilteringView.swift */,
				732935781F6C82F20054EED3 /* FilterViewController.swift */,
			);
			name = Filtering;
			sourceTree = "<group>";
		};
		7329357B1F6D76F20054EED3 /* MainTabs */ = {
			isa = PBXGroup;
			children = (
				7329357C1F6E35FE0054EED3 /* MainTabController.swift */,
			);
			name = MainTabs;
			sourceTree = "<group>";
		};
		73BA06541F77D90300BC0778 /* UserProfile */ = {
			isa = PBXGroup;
			children = (
				73BA06551F77D90300BC0778 /* UserProfileView.swift */,
				73BA06561F77D90300BC0778 /* UserProfileViewController.swift */,
			);
			name = UserProfile;
			path = Users/UserProfile;
			sourceTree = "<group>";
		};
/* End PBXGroup section */

/* Begin PBXNativeTarget section */
		40DA45DC1F24F9C000519200 /* Whispr-iOS */ = {
			isa = PBXNativeTarget;
			buildConfigurationList = 40DA46051F24F9C100519200 /* Build configuration list for PBXNativeTarget "Whispr-iOS" */;
			buildPhases = (
				40DA45D91F24F9C000519200 /* Sources */,
				40DA45DA1F24F9C000519200 /* Frameworks */,
				40DA45DB1F24F9C000519200 /* Resources */,
			);
			buildRules = (
			);
			dependencies = (
			);
			name = "Whispr-iOS";
			productName = "Whispr-iOS";
			productReference = 40DA45DD1F24F9C000519200 /* Whispr-iOS.app */;
			productType = "com.apple.product-type.application";
		};
		40DA45F01F24F9C100519200 /* Whispr-iOSTests */ = {
			isa = PBXNativeTarget;
			buildConfigurationList = 40DA46081F24F9C100519200 /* Build configuration list for PBXNativeTarget "Whispr-iOSTests" */;
			buildPhases = (
				40DA45ED1F24F9C100519200 /* Sources */,
				40DA45EE1F24F9C100519200 /* Frameworks */,
				40DA45EF1F24F9C100519200 /* Resources */,
			);
			buildRules = (
			);
			dependencies = (
				40DA45F31F24F9C100519200 /* PBXTargetDependency */,
			);
			name = "Whispr-iOSTests";
			productName = "Whispr-iOSTests";
			productReference = 40DA45F11F24F9C100519200 /* Whispr-iOSTests.xctest */;
			productType = "com.apple.product-type.bundle.unit-test";
		};
		40DA45FB1F24F9C100519200 /* Whispr-iOSUITests */ = {
			isa = PBXNativeTarget;
			buildConfigurationList = 40DA460B1F24F9C100519200 /* Build configuration list for PBXNativeTarget "Whispr-iOSUITests" */;
			buildPhases = (
				40DA45F81F24F9C100519200 /* Sources */,
				40DA45F91F24F9C100519200 /* Frameworks */,
				40DA45FA1F24F9C100519200 /* Resources */,
			);
			buildRules = (
			);
			dependencies = (
				40DA45FE1F24F9C100519200 /* PBXTargetDependency */,
			);
			name = "Whispr-iOSUITests";
			productName = "Whispr-iOSUITests";
			productReference = 40DA45FC1F24F9C100519200 /* Whispr-iOSUITests.xctest */;
			productType = "com.apple.product-type.bundle.ui-testing";
		};
/* End PBXNativeTarget section */

/* Begin PBXProject section */
		40DA45D51F24F9C000519200 /* Project object */ = {
			isa = PBXProject;
			attributes = {
				LastSwiftUpdateCheck = 0830;
				LastUpgradeCheck = 0830;
				ORGANIZATIONNAME = "Mikael Sundström";
				TargetAttributes = {
					40DA45DC1F24F9C000519200 = {
						CreatedOnToolsVersion = 8.3.3;
						DevelopmentTeam = UR3JNX8K6N;
						ProvisioningStyle = Automatic;
					};
					40DA45F01F24F9C100519200 = {
						CreatedOnToolsVersion = 8.3.3;
						DevelopmentTeam = UR3JNX8K6N;
						ProvisioningStyle = Automatic;
						TestTargetID = 40DA45DC1F24F9C000519200;
					};
					40DA45FB1F24F9C100519200 = {
						CreatedOnToolsVersion = 8.3.3;
						DevelopmentTeam = UR3JNX8K6N;
						ProvisioningStyle = Automatic;
						TestTargetID = 40DA45DC1F24F9C000519200;
					};
				};
			};
			buildConfigurationList = 40DA45D81F24F9C000519200 /* Build configuration list for PBXProject "Whispr-iOS" */;
			compatibilityVersion = "Xcode 3.2";
			developmentRegion = English;
			hasScannedForEncodings = 0;
			knownRegions = (
				en,
				Base,
			);
			mainGroup = 40DA45D41F24F9C000519200;
			productRefGroup = 40DA45DE1F24F9C000519200 /* Products */;
			projectDirPath = "";
			projectRoot = "";
			targets = (
				40DA45DC1F24F9C000519200 /* Whispr-iOS */,
				40DA45F01F24F9C100519200 /* Whispr-iOSTests */,
				40DA45FB1F24F9C100519200 /* Whispr-iOSUITests */,
			);
		};
/* End PBXProject section */

/* Begin PBXResourcesBuildPhase section */
		40DA45DB1F24F9C000519200 /* Resources */ = {
			isa = PBXResourcesBuildPhase;
			buildActionMask = 2147483647;
			files = (
				40DA45E81F24F9C100519200 /* Assets.xcassets in Resources */,
				731648351F715B4E009F1727 /* LaunchScreen.storyboard in Resources */,
			);
			runOnlyForDeploymentPostprocessing = 0;
		};
		40DA45EF1F24F9C100519200 /* Resources */ = {
			isa = PBXResourcesBuildPhase;
			buildActionMask = 2147483647;
			files = (
			);
			runOnlyForDeploymentPostprocessing = 0;
		};
		40DA45FA1F24F9C100519200 /* Resources */ = {
			isa = PBXResourcesBuildPhase;
			buildActionMask = 2147483647;
			files = (
			);
			runOnlyForDeploymentPostprocessing = 0;
		};
/* End PBXResourcesBuildPhase section */

/* Begin PBXSourcesBuildPhase section */
		40DA45D91F24F9C000519200 /* Sources */ = {
			isa = PBXSourcesBuildPhase;
			buildActionMask = 2147483647;
			files = (
				731648331F715740009F1727 /* RequestView.swift in Sources */,
				731648231F714642009F1727 /* SavedAudioTableViewCell.swift in Sources */,
				4051E3F81F3CC1B700DC1EBB /* NotificationController.swift in Sources */,
				4029B8B01F388ADC00638B52 /* PickUserTableViewCell.swift in Sources */,
				4029B8C51F38D01400638B52 /* DatePickerTableViewCell.swift in Sources */,
				7316482B1F71464E009F1727 /* PlayerViewController.swift in Sources */,
				4029B8A71F38819D00638B52 /* RequestViewController.swift in Sources */,
				40DA45E11F24F9C000519200 /* AppDelegate.swift in Sources */,
				73BA06581F77D90300BC0778 /* UserProfileViewController.swift in Sources */,
				40DA462B1F24FCF600519200 /* AVFoundationRecorder.swift in Sources */,
				4029B8A91F3888F600638B52 /* RequestOptionsViewController.swift in Sources */,
				7316482D1F7149AF009F1727 /* RecordView.swift in Sources */,
				40DA46501F2FAA4500519200 /* StringTools.swift in Sources */,
				4029B8C11F38CFE700638B52 /* DateTableViewCell.swift in Sources */,
				4029B8961F3231E300638B52 /* Job.swift in Sources */,
				7318161C1F7675420076CA7A /* RequestOptionsView.swift in Sources */,
				7329357D1F6E35FE0054EED3 /* MainTabController.swift in Sources */,
				7329357A1F6C82F20054EED3 /* FilterViewController.swift in Sources */,
				40DA462C1F24FCF600519200 /* Recorder.swift in Sources */,
				4029B8D51F39CBCC00638B52 /* UserTableViewCell.swift in Sources */,
				4029B89A1F32340500638B52 /* TakenJobTableViewCell.swift in Sources */,
				73BA06571F77D90300BC0778 /* UserProfileView.swift in Sources */,
				4029B8931F322EDD00638B52 /* TakenJobsViewController.swift in Sources */,
				40DA461A1F24FAA400519200 /* RecordViewController.swift in Sources */,
				4029B8D11F39C79B00638B52 /* DateTools.swift in Sources */,
				4029B88F1F3092BA00638B52 /* Storage.swift in Sources */,
				4029B8A41F38817200638B52 /* CreateTextRequestViewController.swift in Sources */,
				7316482A1F71464E009F1727 /* PlayerView.swift in Sources */,
				731648261F714642009F1727 /* SavedAudioViewController.swift in Sources */,
				732935791F6C82F20054EED3 /* FilteringView.swift in Sources */,
				731648251F714642009F1727 /* SavedAudioView.swift in Sources */,
				731648311F71517B009F1727 /* NSLayoutConstraintTools.swift in Sources */,
				4029B8CF1F39C78000638B52 /* ViewControllerTools.swift in Sources */,
				4051E3F61F3CBC1900DC1EBB /* ViewTools.swift in Sources */,
				4029B8E61F3CB9A500638B52 /* NotificationView.swift in Sources */,
				73BA06511F77B4FE00BC0778 /* BrowseUsersView.swift in Sources */,
				4029B8E41F3CB94500638B52 /* NotificationViewController.swift in Sources */,
				4029B8CD1F39C6BE00638B52 /* BrowseUsersViewController.swift in Sources */,
				731648371F715C7E009F1727 /* CreateTextRequestView.swift in Sources */,
				40B87E831F40727600D0779D /* DictionaryTools.swift in Sources */,
				4029B8BB1F38BA3A00638B52 /* TableViewCompatible.swift in Sources */,
				7316482F1F7150D8009F1727 /* JobsView.swift in Sources */,
				4029B8BD1F38BF3000638B52 /* User.swift in Sources */,
			);
			runOnlyForDeploymentPostprocessing = 0;
		};
		40DA45ED1F24F9C100519200 /* Sources */ = {
			isa = PBXSourcesBuildPhase;
			buildActionMask = 2147483647;
			files = (
				40DA45F61F24F9C100519200 /* Whispr_iOSTests.swift in Sources */,
				4029B8DB1F3AF3F700638B52 /* DateTools.swift in Sources */,
			);
			runOnlyForDeploymentPostprocessing = 0;
		};
		40DA45F81F24F9C100519200 /* Sources */ = {
			isa = PBXSourcesBuildPhase;
			buildActionMask = 2147483647;
			files = (
				40DA46011F24F9C100519200 /* Whispr_iOSUITests.swift in Sources */,
			);
			runOnlyForDeploymentPostprocessing = 0;
		};
/* End PBXSourcesBuildPhase section */

/* Begin PBXTargetDependency section */
		40DA45F31F24F9C100519200 /* PBXTargetDependency */ = {
			isa = PBXTargetDependency;
			target = 40DA45DC1F24F9C000519200 /* Whispr-iOS */;
			targetProxy = 40DA45F21F24F9C100519200 /* PBXContainerItemProxy */;
		};
		40DA45FE1F24F9C100519200 /* PBXTargetDependency */ = {
			isa = PBXTargetDependency;
			target = 40DA45DC1F24F9C000519200 /* Whispr-iOS */;
			targetProxy = 40DA45FD1F24F9C100519200 /* PBXContainerItemProxy */;
		};
/* End PBXTargetDependency section */

/* Begin XCBuildConfiguration section */
		40DA46031F24F9C100519200 /* Debug */ = {
			isa = XCBuildConfiguration;
			buildSettings = {
				ALWAYS_SEARCH_USER_PATHS = NO;
				CLANG_ANALYZER_NONNULL = YES;
				CLANG_ANALYZER_NUMBER_OBJECT_CONVERSION = YES_AGGRESSIVE;
				CLANG_CXX_LANGUAGE_STANDARD = "gnu++0x";
				CLANG_CXX_LIBRARY = "libc++";
				CLANG_ENABLE_MODULES = YES;
				CLANG_ENABLE_OBJC_ARC = YES;
				CLANG_WARN_BOOL_CONVERSION = YES;
				CLANG_WARN_CONSTANT_CONVERSION = YES;
				CLANG_WARN_DIRECT_OBJC_ISA_USAGE = YES_ERROR;
				CLANG_WARN_DOCUMENTATION_COMMENTS = YES;
				CLANG_WARN_EMPTY_BODY = YES;
				CLANG_WARN_ENUM_CONVERSION = YES;
				CLANG_WARN_INFINITE_RECURSION = YES;
				CLANG_WARN_INT_CONVERSION = YES;
				CLANG_WARN_OBJC_ROOT_CLASS = YES_ERROR;
				CLANG_WARN_SUSPICIOUS_MOVE = YES;
				CLANG_WARN_UNREACHABLE_CODE = YES;
				CLANG_WARN__DUPLICATE_METHOD_MATCH = YES;
				"CODE_SIGN_IDENTITY[sdk=iphoneos*]" = "iPhone Developer";
				COPY_PHASE_STRIP = NO;
				DEBUG_INFORMATION_FORMAT = dwarf;
				ENABLE_STRICT_OBJC_MSGSEND = YES;
				ENABLE_TESTABILITY = YES;
				GCC_C_LANGUAGE_STANDARD = gnu99;
				GCC_DYNAMIC_NO_PIC = NO;
				GCC_NO_COMMON_BLOCKS = YES;
				GCC_OPTIMIZATION_LEVEL = 0;
				GCC_PREPROCESSOR_DEFINITIONS = (
					"DEBUG=1",
					"$(inherited)",
				);
				GCC_WARN_64_TO_32_BIT_CONVERSION = YES;
				GCC_WARN_ABOUT_RETURN_TYPE = YES_ERROR;
				GCC_WARN_UNDECLARED_SELECTOR = YES;
				GCC_WARN_UNINITIALIZED_AUTOS = YES_AGGRESSIVE;
				GCC_WARN_UNUSED_FUNCTION = YES;
				GCC_WARN_UNUSED_VARIABLE = YES;
				IPHONEOS_DEPLOYMENT_TARGET = 10.3;
				MTL_ENABLE_DEBUG_INFO = YES;
				ONLY_ACTIVE_ARCH = YES;
				SDKROOT = iphoneos;
				SWIFT_ACTIVE_COMPILATION_CONDITIONS = DEBUG;
				SWIFT_OPTIMIZATION_LEVEL = "-Onone";
			};
			name = Debug;
		};
		40DA46041F24F9C100519200 /* Release */ = {
			isa = XCBuildConfiguration;
			buildSettings = {
				ALWAYS_SEARCH_USER_PATHS = NO;
				CLANG_ANALYZER_NONNULL = YES;
				CLANG_ANALYZER_NUMBER_OBJECT_CONVERSION = YES_AGGRESSIVE;
				CLANG_CXX_LANGUAGE_STANDARD = "gnu++0x";
				CLANG_CXX_LIBRARY = "libc++";
				CLANG_ENABLE_MODULES = YES;
				CLANG_ENABLE_OBJC_ARC = YES;
				CLANG_WARN_BOOL_CONVERSION = YES;
				CLANG_WARN_CONSTANT_CONVERSION = YES;
				CLANG_WARN_DIRECT_OBJC_ISA_USAGE = YES_ERROR;
				CLANG_WARN_DOCUMENTATION_COMMENTS = YES;
				CLANG_WARN_EMPTY_BODY = YES;
				CLANG_WARN_ENUM_CONVERSION = YES;
				CLANG_WARN_INFINITE_RECURSION = YES;
				CLANG_WARN_INT_CONVERSION = YES;
				CLANG_WARN_OBJC_ROOT_CLASS = YES_ERROR;
				CLANG_WARN_SUSPICIOUS_MOVE = YES;
				CLANG_WARN_UNREACHABLE_CODE = YES;
				CLANG_WARN__DUPLICATE_METHOD_MATCH = YES;
				"CODE_SIGN_IDENTITY[sdk=iphoneos*]" = "iPhone Developer";
				COPY_PHASE_STRIP = NO;
				DEBUG_INFORMATION_FORMAT = "dwarf-with-dsym";
				ENABLE_NS_ASSERTIONS = NO;
				ENABLE_STRICT_OBJC_MSGSEND = YES;
				GCC_C_LANGUAGE_STANDARD = gnu99;
				GCC_NO_COMMON_BLOCKS = YES;
				GCC_WARN_64_TO_32_BIT_CONVERSION = YES;
				GCC_WARN_ABOUT_RETURN_TYPE = YES_ERROR;
				GCC_WARN_UNDECLARED_SELECTOR = YES;
				GCC_WARN_UNINITIALIZED_AUTOS = YES_AGGRESSIVE;
				GCC_WARN_UNUSED_FUNCTION = YES;
				GCC_WARN_UNUSED_VARIABLE = YES;
				IPHONEOS_DEPLOYMENT_TARGET = 10.3;
				MTL_ENABLE_DEBUG_INFO = NO;
				SDKROOT = iphoneos;
				SWIFT_OPTIMIZATION_LEVEL = "-Owholemodule";
				VALIDATE_PRODUCT = YES;
			};
			name = Release;
		};
		40DA46061F24F9C100519200 /* Debug */ = {
			isa = XCBuildConfiguration;
			buildSettings = {
				ASSETCATALOG_COMPILER_APPICON_NAME = AppIcon;
				"CODE_SIGN_IDENTITY[sdk=iphoneos*]" = "iPhone Developer";
				DEVELOPMENT_TEAM = UR3JNX8K6N;
				FRAMEWORK_SEARCH_PATHS = (
					"$(inherited)",
					"$(PROJECT_DIR)/Carthage/Build/iOS",
				);
				INFOPLIST_FILE = "Whispr-iOS/Info.plist";
				IPHONEOS_DEPLOYMENT_TARGET = 11.0;
				LD_RUNPATH_SEARCH_PATHS = "$(inherited) @executable_path/Frameworks";
				PRODUCT_BUNDLE_IDENTIFIER = "Read-r.Whispr-iOS";
				PRODUCT_NAME = "$(TARGET_NAME)";
				PROVISIONING_PROFILE_SPECIFIER = "";
				SWIFT_VERSION = 3.0;
			};
			name = Debug;
		};
		40DA46071F24F9C100519200 /* Release */ = {
			isa = XCBuildConfiguration;
			buildSettings = {
				ASSETCATALOG_COMPILER_APPICON_NAME = AppIcon;
				"CODE_SIGN_IDENTITY[sdk=iphoneos*]" = "iPhone Developer";
				DEVELOPMENT_TEAM = UR3JNX8K6N;
				FRAMEWORK_SEARCH_PATHS = (
					"$(inherited)",
					"$(PROJECT_DIR)/Carthage/Build/iOS",
				);
				INFOPLIST_FILE = "Whispr-iOS/Info.plist";
				IPHONEOS_DEPLOYMENT_TARGET = 11.0;
				LD_RUNPATH_SEARCH_PATHS = "$(inherited) @executable_path/Frameworks";
				PRODUCT_BUNDLE_IDENTIFIER = "Read-r.Whispr-iOS";
				PRODUCT_NAME = "$(TARGET_NAME)";
				PROVISIONING_PROFILE_SPECIFIER = "";
				SWIFT_VERSION = 3.0;
			};
			name = Release;
		};
		40DA46091F24F9C100519200 /* Debug */ = {
			isa = XCBuildConfiguration;
			buildSettings = {
				ALWAYS_EMBED_SWIFT_STANDARD_LIBRARIES = YES;
				BUNDLE_LOADER = "$(TEST_HOST)";
				DEVELOPMENT_TEAM = UR3JNX8K6N;
				INFOPLIST_FILE = "Whispr-iOSTests/Info.plist";
				LD_RUNPATH_SEARCH_PATHS = "$(inherited) @executable_path/Frameworks @loader_path/Frameworks";
				PRODUCT_BUNDLE_IDENTIFIER = "Read-r.Whispr-iOSTests";
				PRODUCT_NAME = "$(TARGET_NAME)";
				SWIFT_VERSION = 3.0;
				TEST_HOST = "$(BUILT_PRODUCTS_DIR)/Whispr-iOS.app/Whispr-iOS";
			};
			name = Debug;
		};
		40DA460A1F24F9C100519200 /* Release */ = {
			isa = XCBuildConfiguration;
			buildSettings = {
				ALWAYS_EMBED_SWIFT_STANDARD_LIBRARIES = YES;
				BUNDLE_LOADER = "$(TEST_HOST)";
				DEVELOPMENT_TEAM = UR3JNX8K6N;
				INFOPLIST_FILE = "Whispr-iOSTests/Info.plist";
				LD_RUNPATH_SEARCH_PATHS = "$(inherited) @executable_path/Frameworks @loader_path/Frameworks";
				PRODUCT_BUNDLE_IDENTIFIER = "Read-r.Whispr-iOSTests";
				PRODUCT_NAME = "$(TARGET_NAME)";
				SWIFT_VERSION = 3.0;
				TEST_HOST = "$(BUILT_PRODUCTS_DIR)/Whispr-iOS.app/Whispr-iOS";
			};
			name = Release;
		};
		40DA460C1F24F9C100519200 /* Debug */ = {
			isa = XCBuildConfiguration;
			buildSettings = {
				ALWAYS_EMBED_SWIFT_STANDARD_LIBRARIES = YES;
				DEVELOPMENT_TEAM = UR3JNX8K6N;
				INFOPLIST_FILE = "Whispr-iOSUITests/Info.plist";
				LD_RUNPATH_SEARCH_PATHS = "$(inherited) @executable_path/Frameworks @loader_path/Frameworks";
				PRODUCT_BUNDLE_IDENTIFIER = "Read-r.Whispr-iOSUITests";
				PRODUCT_NAME = "$(TARGET_NAME)";
				SWIFT_VERSION = 3.0;
				TEST_TARGET_NAME = "Whispr-iOS";
			};
			name = Debug;
		};
		40DA460D1F24F9C100519200 /* Release */ = {
			isa = XCBuildConfiguration;
			buildSettings = {
				ALWAYS_EMBED_SWIFT_STANDARD_LIBRARIES = YES;
				DEVELOPMENT_TEAM = UR3JNX8K6N;
				INFOPLIST_FILE = "Whispr-iOSUITests/Info.plist";
				LD_RUNPATH_SEARCH_PATHS = "$(inherited) @executable_path/Frameworks @loader_path/Frameworks";
				PRODUCT_BUNDLE_IDENTIFIER = "Read-r.Whispr-iOSUITests";
				PRODUCT_NAME = "$(TARGET_NAME)";
				SWIFT_VERSION = 3.0;
				TEST_TARGET_NAME = "Whispr-iOS";
			};
			name = Release;
		};
/* End XCBuildConfiguration section */

/* Begin XCConfigurationList section */
		40DA45D81F24F9C000519200 /* Build configuration list for PBXProject "Whispr-iOS" */ = {
			isa = XCConfigurationList;
			buildConfigurations = (
				40DA46031F24F9C100519200 /* Debug */,
				40DA46041F24F9C100519200 /* Release */,
			);
			defaultConfigurationIsVisible = 0;
			defaultConfigurationName = Release;
		};
		40DA46051F24F9C100519200 /* Build configuration list for PBXNativeTarget "Whispr-iOS" */ = {
			isa = XCConfigurationList;
			buildConfigurations = (
				40DA46061F24F9C100519200 /* Debug */,
				40DA46071F24F9C100519200 /* Release */,
			);
			defaultConfigurationIsVisible = 0;
			defaultConfigurationName = Release;
		};
		40DA46081F24F9C100519200 /* Build configuration list for PBXNativeTarget "Whispr-iOSTests" */ = {
			isa = XCConfigurationList;
			buildConfigurations = (
				40DA46091F24F9C100519200 /* Debug */,
				40DA460A1F24F9C100519200 /* Release */,
			);
			defaultConfigurationIsVisible = 0;
			defaultConfigurationName = Release;
		};
		40DA460B1F24F9C100519200 /* Build configuration list for PBXNativeTarget "Whispr-iOSUITests" */ = {
			isa = XCConfigurationList;
			buildConfigurations = (
				40DA460C1F24F9C100519200 /* Debug */,
				40DA460D1F24F9C100519200 /* Release */,
			);
			defaultConfigurationIsVisible = 0;
			defaultConfigurationName = Release;
		};
/* End XCConfigurationList section */
	};
	rootObject = 40DA45D51F24F9C000519200 /* Project object */;
}
